
Microsoft Visual Studio Solution File, Format Version 12.00
# Visual Studio 15
VisualStudioVersion = 15.0.27703.2035
MinimumVisualStudioVersion = 10.0.40219.1
Project("{FAE04EC0-301F-11D3-BF4B-00C04F79EFBC}") = "FunSeqWPF", "FunSeqWPF.csproj", "{14DBFDE0-4BEA-4F15-87F1-AABD1E7F6F2B}"
EndProject
Global
	GlobalSection(SolutionConfigurationPlatforms) = preSolution
		Debug|Any CPU = Debug|Any CPU
		Release|Any CPU = Release|Any CPU
	EndGlobalSection
	GlobalSection(ProjectConfigurationPlatforms) = postSolution
		{14DBFDE0-4BEA-4F15-87F1-AABD1E7F6F2B}.Debug|Any CPU.ActiveCfg = Debug|Any CPU
		{14DBFDE0-4BEA-4F15-87F1-AABD1E7F6F2B}.Debug|Any CPU.Build.0 = Debug|Any CPU
		{14DBFDE0-4BEA-4F15-87F1-AABD1E7F6F2B}.Release|Any CPU.ActiveCfg = Release|Any CPU
		{14DBFDE0-4BEA-4F15-87F1-AABD1E7F6F2B}.Release|Any CPU.Build.0 = Release|Any CPU
	EndGlobalSection
	GlobalSection(SolutionProperties) = preSolution
		HideSolutionNode = FALSE
	EndGlobalSection
	GlobalSection(ExtensibilityGlobals) = postSolution
		SolutionGuid = {A89B1DA0-7D2B-49D4-868E-9DD910132457}
	EndGlobalSection
EndGlobal
